
Microsoft Visual Studio Solution File, Format Version 12.00
# Visual Studio Version 16
VisualStudioVersion = 16.0.30320.27
MinimumVisualStudioVersion = 10.0.40219.1
Project("{8BC9CEB8-8B4A-11D0-8D11-00A0C91BC942}") = "TesteAscii", "TesteAscii.vcxproj", "{0F5100E6-ABDD-4FA1-A81B-02DF79E00E86}"
EndProject
Global
	GlobalSection(SolutionConfigurationPlatforms) = preSolution
		Debug|x64 = Debug|x64
		Debug|x86 = Debug|x86
		Release|x64 = Release|x64
		Release|x86 = Release|x86
	EndGlobalSection
	GlobalSection(ProjectConfigurationPlatforms) = postSolution
		{0F5100E6-ABDD-4FA1-A81B-02DF79E00E86}.Debug|x64.ActiveCfg = Debug|x64
		{0F5100E6-ABDD-4FA1-A81B-02DF79E00E86}.Debug|x64.Build.0 = Debug|x64
		{0F5100E6-ABDD-4FA1-A81B-02DF79E00E86}.Debug|x86.ActiveCfg = Debug|Win32
		{0F5100E6-ABDD-4FA1-A81B-02DF79E00E86}.Debug|x86.Build.0 = Debug|Win32
		{0F5100E6-ABDD-4FA1-A81B-02DF79E00E86}.Release|x64.ActiveCfg = Release|x64
		{0F5100E6-ABDD-4FA1-A81B-02DF79E00E86}.Release|x64.Build.0 = Release|x64
		{0F5100E6-ABDD-4FA1-A81B-02DF79E00E86}.Release|x86.ActiveCfg = Release|Win32
		{0F5100E6-ABDD-4FA1-A81B-02DF79E00E86}.Release|x86.Build.0 = Release|Win32
	EndGlobalSection
	GlobalSection(SolutionProperties) = preSolution
		HideSolutionNode = FALSE
	EndGlobalSection
	GlobalSection(ExtensibilityGlobals) = postSolution
		SolutionGuid = {B0FE954A-F96D-4DC8-9003-5612286BF23E}
	EndGlobalSection
EndGlobal
